
Microsoft Visual Studio Solution File, Format Version 12.00
# Visual Studio Version 16
VisualStudioVersion = 16.0.30011.22
MinimumVisualStudioVersion = 10.0.40219.1
Project("{FAE04EC0-301F-11D3-BF4B-00C04F79EFBC}") = "net1", "net1\net1.csproj", "{BE8CA723-C3B7-4998-AE46-521AED515EDC}"
EndProject
Global
	GlobalSection(SolutionConfigurationPlatforms) = preSolution
		Debug|Any CPU = Debug|Any CPU
		Release|Any CPU = Release|Any CPU
	EndGlobalSection
	GlobalSection(ProjectConfigurationPlatforms) = postSolution
		{BE8CA723-C3B7-4998-AE46-521AED515EDC}.Debug|Any CPU.ActiveCfg = Debug|Any CPU
		{BE8CA723-C3B7-4998-AE46-521AED515EDC}.Debug|Any CPU.Build.0 = Debug|Any CPU
		{BE8CA723-C3B7-4998-AE46-521AED515EDC}.Release|Any CPU.ActiveCfg = Release|Any CPU
		{BE8CA723-C3B7-4998-AE46-521AED515EDC}.Release|Any CPU.Build.0 = Release|Any CPU
	EndGlobalSection
	GlobalSection(SolutionProperties) = preSolution
		HideSolutionNode = FALSE
	EndGlobalSection
	GlobalSection(ExtensibilityGlobals) = postSolution
		SolutionGuid = {CE412982-A41B-4D70-BC7D-F38ECEAB9992}
	EndGlobalSection
EndGlobal
